// !$*UTF8*$!
{
	archiveVersion = 1;
	classes = {
	};
	objectVersion = 48;
	objects = {

/* Begin PBXBuildFile section */
		41888D8B26FF08A0EB072418 /* Pods_MoviesUITests.framework in Frameworks */ = {isa = PBXBuildFile; fileRef = 29C2427795F1F8AEFD985B94 /* Pods_MoviesUITests.framework */; };
		AF502A1320845EE3D37FA860 /* Pods_MoviesTests.framework in Frameworks */ = {isa = PBXBuildFile; fileRef = F64BB5EEAB605542428D59C4 /* Pods_MoviesTests.framework */; };
		CA261EB920543AAC00DB3E7E /* MovieDetailViewController.swift in Sources */ = {isa = PBXBuildFile; fileRef = CA261EB820543AAC00DB3E7E /* MovieDetailViewController.swift */; };
		CA261EBB20543D2400DB3E7E /* Movie.swift in Sources */ = {isa = PBXBuildFile; fileRef = CA261EBA20543D2400DB3E7E /* Movie.swift */; };
		CA3436CB204DA19000789FDD /* AppDelegate.swift in Sources */ = {isa = PBXBuildFile; fileRef = CA3436CA204DA19000789FDD /* AppDelegate.swift */; };
		CA3436CD204DA19000789FDD /* FirstViewController.swift in Sources */ = {isa = PBXBuildFile; fileRef = CA3436CC204DA19000789FDD /* FirstViewController.swift */; };
		CA3436CF204DA19000789FDD /* SecondViewController.swift in Sources */ = {isa = PBXBuildFile; fileRef = CA3436CE204DA19000789FDD /* SecondViewController.swift */; };
		CA3436D2204DA19000789FDD /* Main.storyboard in Resources */ = {isa = PBXBuildFile; fileRef = CA3436D0204DA19000789FDD /* Main.storyboard */; };
		CA3436D4204DA19000789FDD /* Assets.xcassets in Resources */ = {isa = PBXBuildFile; fileRef = CA3436D3204DA19000789FDD /* Assets.xcassets */; };
		CA3436D7204DA19000789FDD /* LaunchScreen.storyboard in Resources */ = {isa = PBXBuildFile; fileRef = CA3436D5204DA19000789FDD /* LaunchScreen.storyboard */; };
		CA3436E2204DA19000789FDD /* MoviesTests.swift in Sources */ = {isa = PBXBuildFile; fileRef = CA3436E1204DA19000789FDD /* MoviesTests.swift */; };
		CA3436ED204DA19000789FDD /* MoviesUITests.swift in Sources */ = {isa = PBXBuildFile; fileRef = CA3436EC204DA19000789FDD /* MoviesUITests.swift */; };
		CA3436FB204DB7E700789FDD /* MovieTableViewCell.swift in Sources */ = {isa = PBXBuildFile; fileRef = CA3436FA204DB7E700789FDD /* MovieTableViewCell.swift */; };
		CA3A379C20556C5500A81BE9 /* Movies.xcdatamodeld in Sources */ = {isa = PBXBuildFile; fileRef = CA3A379A20556C5500A81BE9 /* Movies.xcdatamodeld */; };
		CA3A379E205578F200A81BE9 /* PersistenceService.swift in Sources */ = {isa = PBXBuildFile; fileRef = CA3A379D205578F200A81BE9 /* PersistenceService.swift */; };
		CA3A37A620557F8E00A81BE9 /* FMovie+CoreDataClass.swift in Sources */ = {isa = PBXBuildFile; fileRef = CA3A37A520557F8E00A81BE9 /* FMovie+CoreDataClass.swift */; };
		CA3A37A820557F9300A81BE9 /* FMovie+CoreDataProperties.swift in Sources */ = {isa = PBXBuildFile; fileRef = CA3A37A720557F9300A81BE9 /* FMovie+CoreDataProperties.swift */; };
		F001E21A795F6C6FB00B9B64 /* Pods_Movies.framework in Frameworks */ = {isa = PBXBuildFile; fileRef = 95383F1BE0E037283ED23516 /* Pods_Movies.framework */; };
/* End PBXBuildFile section */

/* Begin PBXContainerItemProxy section */
		CA3436DE204DA19000789FDD /* PBXContainerItemProxy */ = {
			isa = PBXContainerItemProxy;
			containerPortal = CA3436BF204DA19000789FDD /* Project object */;
			proxyType = 1;
			remoteGlobalIDString = CA3436C6204DA19000789FDD;
			remoteInfo = Movies;
		};
		CA3436E9204DA19000789FDD /* PBXContainerItemProxy */ = {
			isa = PBXContainerItemProxy;
			containerPortal = CA3436BF204DA19000789FDD /* Project object */;
			proxyType = 1;
			remoteGlobalIDString = CA3436C6204DA19000789FDD;
			remoteInfo = Movies;
		};
/* End PBXContainerItemProxy section */

/* Begin PBXFileReference section */
		29C2427795F1F8AEFD985B94 /* Pods_MoviesUITests.framework */ = {isa = PBXFileReference; explicitFileType = wrapper.framework; includeInIndex = 0; path = Pods_MoviesUITests.framework; sourceTree = BUILT_PRODUCTS_DIR; };
		534DA82235A4F2D0D197C61B /* Pods-MoviesUITests.release.xcconfig */ = {isa = PBXFileReference; includeInIndex = 1; lastKnownFileType = text.xcconfig; name = "Pods-MoviesUITests.release.xcconfig"; path = "Pods/Target Support Files/Pods-MoviesUITests/Pods-MoviesUITests.release.xcconfig"; sourceTree = "<group>"; };
		894EC7ED7DABE33BB10DEDF5 /* Pods-MoviesUITests.debug.xcconfig */ = {isa = PBXFileReference; includeInIndex = 1; lastKnownFileType = text.xcconfig; name = "Pods-MoviesUITests.debug.xcconfig"; path = "Pods/Target Support Files/Pods-MoviesUITests/Pods-MoviesUITests.debug.xcconfig"; sourceTree = "<group>"; };
		9486D32EADD7B9A0800CD445 /* Pods-MoviesTests.release.xcconfig */ = {isa = PBXFileReference; includeInIndex = 1; lastKnownFileType = text.xcconfig; name = "Pods-MoviesTests.release.xcconfig"; path = "Pods/Target Support Files/Pods-MoviesTests/Pods-MoviesTests.release.xcconfig"; sourceTree = "<group>"; };
		95383F1BE0E037283ED23516 /* Pods_Movies.framework */ = {isa = PBXFileReference; explicitFileType = wrapper.framework; includeInIndex = 0; path = Pods_Movies.framework; sourceTree = BUILT_PRODUCTS_DIR; };
		C8998924549B0404146BBBCD /* Pods-MoviesTests.debug.xcconfig */ = {isa = PBXFileReference; includeInIndex = 1; lastKnownFileType = text.xcconfig; name = "Pods-MoviesTests.debug.xcconfig"; path = "Pods/Target Support Files/Pods-MoviesTests/Pods-MoviesTests.debug.xcconfig"; sourceTree = "<group>"; };
		CA261EB820543AAC00DB3E7E /* MovieDetailViewController.swift */ = {isa = PBXFileReference; lastKnownFileType = sourcecode.swift; path = MovieDetailViewController.swift; sourceTree = "<group>"; };
		CA261EBA20543D2400DB3E7E /* Movie.swift */ = {isa = PBXFileReference; lastKnownFileType = sourcecode.swift; path = Movie.swift; sourceTree = "<group>"; };
		CA3436C7204DA19000789FDD /* Movies.app */ = {isa = PBXFileReference; explicitFileType = wrapper.application; includeInIndex = 0; path = Movies.app; sourceTree = BUILT_PRODUCTS_DIR; };
		CA3436CA204DA19000789FDD /* AppDelegate.swift */ = {isa = PBXFileReference; lastKnownFileType = sourcecode.swift; path = AppDelegate.swift; sourceTree = "<group>"; };
		CA3436CC204DA19000789FDD /* FirstViewController.swift */ = {isa = PBXFileReference; lastKnownFileType = sourcecode.swift; path = FirstViewController.swift; sourceTree = "<group>"; };
		CA3436CE204DA19000789FDD /* SecondViewController.swift */ = {isa = PBXFileReference; lastKnownFileType = sourcecode.swift; path = SecondViewController.swift; sourceTree = "<group>"; };
		CA3436D1204DA19000789FDD /* Base */ = {isa = PBXFileReference; lastKnownFileType = file.storyboard; name = Base; path = Base.lproj/Main.storyboard; sourceTree = "<group>"; };
		CA3436D3204DA19000789FDD /* Assets.xcassets */ = {isa = PBXFileReference; lastKnownFileType = folder.assetcatalog; path = Assets.xcassets; sourceTree = "<group>"; };
		CA3436D6204DA19000789FDD /* Base */ = {isa = PBXFileReference; lastKnownFileType = file.storyboard; name = Base; path = Base.lproj/LaunchScreen.storyboard; sourceTree = "<group>"; };
		CA3436D8204DA19000789FDD /* Info.plist */ = {isa = PBXFileReference; lastKnownFileType = text.plist.xml; path = Info.plist; sourceTree = "<group>"; };
		CA3436DD204DA19000789FDD /* MoviesTests.xctest */ = {isa = PBXFileReference; explicitFileType = wrapper.cfbundle; includeInIndex = 0; path = MoviesTests.xctest; sourceTree = BUILT_PRODUCTS_DIR; };
		CA3436E1204DA19000789FDD /* MoviesTests.swift */ = {isa = PBXFileReference; lastKnownFileType = sourcecode.swift; path = MoviesTests.swift; sourceTree = "<group>"; };
		CA3436E3204DA19000789FDD /* Info.plist */ = {isa = PBXFileReference; lastKnownFileType = text.plist.xml; path = Info.plist; sourceTree = "<group>"; };
		CA3436E8204DA19000789FDD /* MoviesUITests.xctest */ = {isa = PBXFileReference; explicitFileType = wrapper.cfbundle; includeInIndex = 0; path = MoviesUITests.xctest; sourceTree = BUILT_PRODUCTS_DIR; };
		CA3436EC204DA19000789FDD /* MoviesUITests.swift */ = {isa = PBXFileReference; lastKnownFileType = sourcecode.swift; path = MoviesUITests.swift; sourceTree = "<group>"; };
		CA3436EE204DA19000789FDD /* Info.plist */ = {isa = PBXFileReference; lastKnownFileType = text.plist.xml; path = Info.plist; sourceTree = "<group>"; };
		CA3436FA204DB7E700789FDD /* MovieTableViewCell.swift */ = {isa = PBXFileReference; lastKnownFileType = sourcecode.swift; path = MovieTableViewCell.swift; sourceTree = "<group>"; };
		CA3A379B20556C5500A81BE9 /* Movies.xcdatamodel */ = {isa = PBXFileReference; lastKnownFileType = wrapper.xcdatamodel; path = Movies.xcdatamodel; sourceTree = "<group>"; };
		CA3A379D205578F200A81BE9 /* PersistenceService.swift */ = {isa = PBXFileReference; lastKnownFileType = sourcecode.swift; path = PersistenceService.swift; sourceTree = "<group>"; };
		CA3A37A520557F8E00A81BE9 /* FMovie+CoreDataClass.swift */ = {isa = PBXFileReference; lastKnownFileType = sourcecode.swift; name = "FMovie+CoreDataClass.swift"; path = "/Users/never/Desktop/Work/Movies/Movies/FMovie+CoreDataClass.swift"; sourceTree = "<absolute>"; };
		CA3A37A720557F9300A81BE9 /* FMovie+CoreDataProperties.swift */ = {isa = PBXFileReference; lastKnownFileType = sourcecode.swift; name = "FMovie+CoreDataProperties.swift"; path = "/Users/never/Desktop/Work/Movies/Movies/FMovie+CoreDataProperties.swift"; sourceTree = "<absolute>"; };
		F32A26A2F462BF2900BBC7C1 /* Pods-Movies.release.xcconfig */ = {isa = PBXFileReference; includeInIndex = 1; lastKnownFileType = text.xcconfig; name = "Pods-Movies.release.xcconfig"; path = "Pods/Target Support Files/Pods-Movies/Pods-Movies.release.xcconfig"; sourceTree = "<group>"; };
		F416FC409D67DE23B6D74204 /* Pods-Movies.debug.xcconfig */ = {isa = PBXFileReference; includeInIndex = 1; lastKnownFileType = text.xcconfig; name = "Pods-Movies.debug.xcconfig"; path = "Pods/Target Support Files/Pods-Movies/Pods-Movies.debug.xcconfig"; sourceTree = "<group>"; };
		F64BB5EEAB605542428D59C4 /* Pods_MoviesTests.framework */ = {isa = PBXFileReference; explicitFileType = wrapper.framework; includeInIndex = 0; path = Pods_MoviesTests.framework; sourceTree = BUILT_PRODUCTS_DIR; };
/* End PBXFileReference section */

/* Begin PBXFrameworksBuildPhase section */
		CA3436C4204DA19000789FDD /* Frameworks */ = {
			isa = PBXFrameworksBuildPhase;
			buildActionMask = 2147483647;
			files = (
				F001E21A795F6C6FB00B9B64 /* Pods_Movies.framework in Frameworks */,
			);
			runOnlyForDeploymentPostprocessing = 0;
		};
		CA3436DA204DA19000789FDD /* Frameworks */ = {
			isa = PBXFrameworksBuildPhase;
			buildActionMask = 2147483647;
			files = (
				AF502A1320845EE3D37FA860 /* Pods_MoviesTests.framework in Frameworks */,
			);
			runOnlyForDeploymentPostprocessing = 0;
		};
		CA3436E5204DA19000789FDD /* Frameworks */ = {
			isa = PBXFrameworksBuildPhase;
			buildActionMask = 2147483647;
			files = (
				41888D8B26FF08A0EB072418 /* Pods_MoviesUITests.framework in Frameworks */,
			);
			runOnlyForDeploymentPostprocessing = 0;
		};
/* End PBXFrameworksBuildPhase section */

/* Begin PBXGroup section */
		9A45659BFEF70CA3C82460A6 /* Pods */ = {
			isa = PBXGroup;
			children = (
				F416FC409D67DE23B6D74204 /* Pods-Movies.debug.xcconfig */,
				F32A26A2F462BF2900BBC7C1 /* Pods-Movies.release.xcconfig */,
				C8998924549B0404146BBBCD /* Pods-MoviesTests.debug.xcconfig */,
				9486D32EADD7B9A0800CD445 /* Pods-MoviesTests.release.xcconfig */,
				894EC7ED7DABE33BB10DEDF5 /* Pods-MoviesUITests.debug.xcconfig */,
				534DA82235A4F2D0D197C61B /* Pods-MoviesUITests.release.xcconfig */,
			);
			name = Pods;
			sourceTree = "<group>";
		};
		B81D417FC25787C286AA3BD0 /* Frameworks */ = {
			isa = PBXGroup;
			children = (
				95383F1BE0E037283ED23516 /* Pods_Movies.framework */,
				F64BB5EEAB605542428D59C4 /* Pods_MoviesTests.framework */,
				29C2427795F1F8AEFD985B94 /* Pods_MoviesUITests.framework */,
			);
			name = Frameworks;
			sourceTree = "<group>";
		};
		CA3436BE204DA19000789FDD = {
			isa = PBXGroup;
			children = (
				CA3436C9204DA19000789FDD /* Movies */,
				CA3436E0204DA19000789FDD /* MoviesTests */,
				CA3436EB204DA19000789FDD /* MoviesUITests */,
				CA3436C8204DA19000789FDD /* Products */,
				9A45659BFEF70CA3C82460A6 /* Pods */,
				B81D417FC25787C286AA3BD0 /* Frameworks */,
			);
			sourceTree = "<group>";
		};
		CA3436C8204DA19000789FDD /* Products */ = {
			isa = PBXGroup;
			children = (
				CA3436C7204DA19000789FDD /* Movies.app */,
				CA3436DD204DA19000789FDD /* MoviesTests.xctest */,
				CA3436E8204DA19000789FDD /* MoviesUITests.xctest */,
			);
			name = Products;
			sourceTree = "<group>";
		};
		CA3436C9204DA19000789FDD /* Movies */ = {
			isa = PBXGroup;
			children = (
				CA3A37A720557F9300A81BE9 /* FMovie+CoreDataProperties.swift */,
				CA3A37A520557F8E00A81BE9 /* FMovie+CoreDataClass.swift */,
				CA3436CA204DA19000789FDD /* AppDelegate.swift */,
				CA261EBA20543D2400DB3E7E /* Movie.swift */,
				CA3436CC204DA19000789FDD /* FirstViewController.swift */,
				CA3436FA204DB7E700789FDD /* MovieTableViewCell.swift */,
				CA261EB820543AAC00DB3E7E /* MovieDetailViewController.swift */,
				CA3436CE204DA19000789FDD /* SecondViewController.swift */,
				CA3A379D205578F200A81BE9 /* PersistenceService.swift */,
				CA3436D0204DA19000789FDD /* Main.storyboard */,
				CA3436D3204DA19000789FDD /* Assets.xcassets */,
				CA3436D5204DA19000789FDD /* LaunchScreen.storyboard */,
				CA3436D8204DA19000789FDD /* Info.plist */,
				CA3A379A20556C5500A81BE9 /* Movies.xcdatamodeld */,
			);
			path = Movies;
			sourceTree = "<group>";
		};
		CA3436E0204DA19000789FDD /* MoviesTests */ = {
			isa = PBXGroup;
			children = (
				CA3436E1204DA19000789FDD /* MoviesTests.swift */,
				CA3436E3204DA19000789FDD /* Info.plist */,
			);
			path = MoviesTests;
			sourceTree = "<group>";
		};
		CA3436EB204DA19000789FDD /* MoviesUITests */ = {
			isa = PBXGroup;
			children = (
				CA3436EC204DA19000789FDD /* MoviesUITests.swift */,
				CA3436EE204DA19000789FDD /* Info.plist */,
			);
			path = MoviesUITests;
			sourceTree = "<group>";
		};
/* End PBXGroup section */

/* Begin PBXNativeTarget section */
		CA3436C6204DA19000789FDD /* Movies */ = {
			isa = PBXNativeTarget;
			buildConfigurationList = CA3436F1204DA19000789FDD /* Build configuration list for PBXNativeTarget "Movies" */;
			buildPhases = (
				E0DEA5793922BDBCA98EA6A9 /* [CP] Check Pods Manifest.lock */,
				CA3436C3204DA19000789FDD /* Sources */,
				CA3436C4204DA19000789FDD /* Frameworks */,
				CA3436C5204DA19000789FDD /* Resources */,
				50CA80952467C7372C694566 /* [CP] Embed Pods Frameworks */,
				D296BD05683CBB0C66C85EFD /* [CP] Copy Pods Resources */,
			);
			buildRules = (
			);
			dependencies = (
			);
			name = Movies;
			productName = Movies;
			productReference = CA3436C7204DA19000789FDD /* Movies.app */;
			productType = "com.apple.product-type.application";
		};
		CA3436DC204DA19000789FDD /* MoviesTests */ = {
			isa = PBXNativeTarget;
			buildConfigurationList = CA3436F4204DA19000789FDD /* Build configuration list for PBXNativeTarget "MoviesTests" */;
			buildPhases = (
				3F920F0CCBC6316BA1AB4970 /* [CP] Check Pods Manifest.lock */,
				CA3436D9204DA19000789FDD /* Sources */,
				CA3436DA204DA19000789FDD /* Frameworks */,
				CA3436DB204DA19000789FDD /* Resources */,
				BCD41A3EC0E16B05459030D2 /* [CP] Embed Pods Frameworks */,
				E737641E9E86FFAFEE380D19 /* [CP] Copy Pods Resources */,
			);
			buildRules = (
			);
			dependencies = (
				CA3436DF204DA19000789FDD /* PBXTargetDependency */,
			);
			name = MoviesTests;
			productName = MoviesTests;
			productReference = CA3436DD204DA19000789FDD /* MoviesTests.xctest */;
			productType = "com.apple.product-type.bundle.unit-test";
		};
		CA3436E7204DA19000789FDD /* MoviesUITests */ = {
			isa = PBXNativeTarget;
			buildConfigurationList = CA3436F7204DA19000789FDD /* Build configuration list for PBXNativeTarget "MoviesUITests" */;
			buildPhases = (
				3B32E81AB157142470D69391 /* [CP] Check Pods Manifest.lock */,
				CA3436E4204DA19000789FDD /* Sources */,
				CA3436E5204DA19000789FDD /* Frameworks */,
				CA3436E6204DA19000789FDD /* Resources */,
				167EA1EA6DED1F92D6DDF833 /* [CP] Embed Pods Frameworks */,
				F957AE8272BF21B416B3D230 /* [CP] Copy Pods Resources */,
			);
			buildRules = (
			);
			dependencies = (
				CA3436EA204DA19000789FDD /* PBXTargetDependency */,
			);
			name = MoviesUITests;
			productName = MoviesUITests;
			productReference = CA3436E8204DA19000789FDD /* MoviesUITests.xctest */;
			productType = "com.apple.product-type.bundle.ui-testing";
		};
/* End PBXNativeTarget section */

/* Begin PBXProject section */
		CA3436BF204DA19000789FDD /* Project object */ = {
			isa = PBXProject;
			attributes = {
				LastSwiftUpdateCheck = 0920;
				LastUpgradeCheck = 0920;
				ORGANIZATIONNAME = never;
				TargetAttributes = {
					CA3436C6204DA19000789FDD = {
						CreatedOnToolsVersion = 9.2;
						ProvisioningStyle = Automatic;
					};
					CA3436DC204DA19000789FDD = {
						CreatedOnToolsVersion = 9.2;
						ProvisioningStyle = Automatic;
						TestTargetID = CA3436C6204DA19000789FDD;
					};
					CA3436E7204DA19000789FDD = {
						CreatedOnToolsVersion = 9.2;
						ProvisioningStyle = Automatic;
						TestTargetID = CA3436C6204DA19000789FDD;
					};
				};
			};
			buildConfigurationList = CA3436C2204DA19000789FDD /* Build configuration list for PBXProject "Movies" */;
			compatibilityVersion = "Xcode 8.0";
			developmentRegion = en;
			hasScannedForEncodings = 0;
			knownRegions = (
				en,
				Base,
			);
			mainGroup = CA3436BE204DA19000789FDD;
			productRefGroup = CA3436C8204DA19000789FDD /* Products */;
			projectDirPath = "";
			projectRoot = "";
			targets = (
				CA3436C6204DA19000789FDD /* Movies */,
				CA3436DC204DA19000789FDD /* MoviesTests */,
				CA3436E7204DA19000789FDD /* MoviesUITests */,
			);
		};
/* End PBXProject section */

/* Begin PBXResourcesBuildPhase section */
		CA3436C5204DA19000789FDD /* Resources */ = {
			isa = PBXResourcesBuildPhase;
			buildActionMask = 2147483647;
			files = (
				CA3436D7204DA19000789FDD /* LaunchScreen.storyboard in Resources */,
				CA3436D4204DA19000789FDD /* Assets.xcassets in Resources */,
				CA3436D2204DA19000789FDD /* Main.storyboard in Resources */,
			);
			runOnlyForDeploymentPostprocessing = 0;
		};
		CA3436DB204DA19000789FDD /* Resources */ = {
			isa = PBXResourcesBuildPhase;
			buildActionMask = 2147483647;
			files = (
			);
			runOnlyForDeploymentPostprocessing = 0;
		};
		CA3436E6204DA19000789FDD /* Resources */ = {
			isa = PBXResourcesBuildPhase;
			buildActionMask = 2147483647;
			files = (
			);
			runOnlyForDeploymentPostprocessing = 0;
		};
/* End PBXResourcesBuildPhase section */

/* Begin PBXShellScriptBuildPhase section */
		167EA1EA6DED1F92D6DDF833 /* [CP] Embed Pods Frameworks */ = {
			isa = PBXShellScriptBuildPhase;
			buildActionMask = 2147483647;
			files = (
			);
			inputPaths = (
			);
			name = "[CP] Embed Pods Frameworks";
			outputPaths = (
			);
			runOnlyForDeploymentPostprocessing = 0;
			shellPath = /bin/sh;
			shellScript = "\"${SRCROOT}/Pods/Target Support Files/Pods-MoviesUITests/Pods-MoviesUITests-frameworks.sh\"\n";
			showEnvVarsInLog = 0;
		};
		3B32E81AB157142470D69391 /* [CP] Check Pods Manifest.lock */ = {
			isa = PBXShellScriptBuildPhase;
			buildActionMask = 2147483647;
			files = (
			);
			inputPaths = (
				"${PODS_PODFILE_DIR_PATH}/Podfile.lock",
				"${PODS_ROOT}/Manifest.lock",
			);
			name = "[CP] Check Pods Manifest.lock";
			outputPaths = (
				"$(DERIVED_FILE_DIR)/Pods-MoviesUITests-checkManifestLockResult.txt",
			);
			runOnlyForDeploymentPostprocessing = 0;
			shellPath = /bin/sh;
			shellScript = "diff \"${PODS_PODFILE_DIR_PATH}/Podfile.lock\" \"${PODS_ROOT}/Manifest.lock\" > /dev/null\nif [ $? != 0 ] ; then\n    # print error to STDERR\n    echo \"error: The sandbox is not in sync with the Podfile.lock. Run 'pod install' or update your CocoaPods installation.\" >&2\n    exit 1\nfi\n# This output is used by Xcode 'outputs' to avoid re-running this script phase.\necho \"SUCCESS\" > \"${SCRIPT_OUTPUT_FILE_0}\"\n";
			showEnvVarsInLog = 0;
		};
		3F920F0CCBC6316BA1AB4970 /* [CP] Check Pods Manifest.lock */ = {
			isa = PBXShellScriptBuildPhase;
			buildActionMask = 2147483647;
			files = (
			);
			inputPaths = (
				"${PODS_PODFILE_DIR_PATH}/Podfile.lock",
				"${PODS_ROOT}/Manifest.lock",
			);
			name = "[CP] Check Pods Manifest.lock";
			outputPaths = (
				"$(DERIVED_FILE_DIR)/Pods-MoviesTests-checkManifestLockResult.txt",
			);
			runOnlyForDeploymentPostprocessing = 0;
			shellPath = /bin/sh;
			shellScript = "diff \"${PODS_PODFILE_DIR_PATH}/Podfile.lock\" \"${PODS_ROOT}/Manifest.lock\" > /dev/null\nif [ $? != 0 ] ; then\n    # print error to STDERR\n    echo \"error: The sandbox is not in sync with the Podfile.lock. Run 'pod install' or update your CocoaPods installation.\" >&2\n    exit 1\nfi\n# This output is used by Xcode 'outputs' to avoid re-running this script phase.\necho \"SUCCESS\" > \"${SCRIPT_OUTPUT_FILE_0}\"\n";
			showEnvVarsInLog = 0;
		};
		50CA80952467C7372C694566 /* [CP] Embed Pods Frameworks */ = {
			isa = PBXShellScriptBuildPhase;
			buildActionMask = 2147483647;
			files = (
			);
			inputPaths = (
				"${SRCROOT}/Pods/Target Support Files/Pods-Movies/Pods-Movies-frameworks.sh",
				"${BUILT_PRODUCTS_DIR}/Kingfisher/Kingfisher.framework",
			);
			name = "[CP] Embed Pods Frameworks";
			outputPaths = (
				"${TARGET_BUILD_DIR}/${FRAMEWORKS_FOLDER_PATH}/Kingfisher.framework",
			);
			runOnlyForDeploymentPostprocessing = 0;
			shellPath = /bin/sh;
			shellScript = "\"${SRCROOT}/Pods/Target Support Files/Pods-Movies/Pods-Movies-frameworks.sh\"\n";
			showEnvVarsInLog = 0;
		};
		BCD41A3EC0E16B05459030D2 /* [CP] Embed Pods Frameworks */ = {
			isa = PBXShellScriptBuildPhase;
			buildActionMask = 2147483647;
			files = (
			);
			inputPaths = (
			);
			name = "[CP] Embed Pods Frameworks";
			outputPaths = (
			);
			runOnlyForDeploymentPostprocessing = 0;
			shellPath = /bin/sh;
			shellScript = "\"${SRCROOT}/Pods/Target Support Files/Pods-MoviesTests/Pods-MoviesTests-frameworks.sh\"\n";
			showEnvVarsInLog = 0;
		};
		D296BD05683CBB0C66C85EFD /* [CP] Copy Pods Resources */ = {
			isa = PBXShellScriptBuildPhase;
			buildActionMask = 2147483647;
			files = (
			);
			inputPaths = (
			);
			name = "[CP] Copy Pods Resources";
			outputPaths = (
			);
			runOnlyForDeploymentPostprocessing = 0;
			shellPath = /bin/sh;
			shellScript = "\"${SRCROOT}/Pods/Target Support Files/Pods-Movies/Pods-Movies-resources.sh\"\n";
			showEnvVarsInLog = 0;
		};
		E0DEA5793922BDBCA98EA6A9 /* [CP] Check Pods Manifest.lock */ = {
			isa = PBXShellScriptBuildPhase;
			buildActionMask = 2147483647;
			files = (
			);
			inputPaths = (
				"${PODS_PODFILE_DIR_PATH}/Podfile.lock",
				"${PODS_ROOT}/Manifest.lock",
			);
			name = "[CP] Check Pods Manifest.lock";
			outputPaths = (
				"$(DERIVED_FILE_DIR)/Pods-Movies-checkManifestLockResult.txt",
			);
			runOnlyForDeploymentPostprocessing = 0;
			shellPath = /bin/sh;
			shellScript = "diff \"${PODS_PODFILE_DIR_PATH}/Podfile.lock\" \"${PODS_ROOT}/Manifest.lock\" > /dev/null\nif [ $? != 0 ] ; then\n    # print error to STDERR\n    echo \"error: The sandbox is not in sync with the Podfile.lock. Run 'pod install' or update your CocoaPods installation.\" >&2\n    exit 1\nfi\n# This output is used by Xcode 'outputs' to avoid re-running this script phase.\necho \"SUCCESS\" > \"${SCRIPT_OUTPUT_FILE_0}\"\n";
			showEnvVarsInLog = 0;
		};
		E737641E9E86FFAFEE380D19 /* [CP] Copy Pods Resources */ = {
			isa = PBXShellScriptBuildPhase;
			buildActionMask = 2147483647;
			files = (
			);
			inputPaths = (
			);
			name = "[CP] Copy Pods Resources";
			outputPaths = (
			);
			runOnlyForDeploymentPostprocessing = 0;
			shellPath = /bin/sh;
			shellScript = "\"${SRCROOT}/Pods/Target Support Files/Pods-MoviesTests/Pods-MoviesTests-resources.sh\"\n";
			showEnvVarsInLog = 0;
		};
		F957AE8272BF21B416B3D230 /* [CP] Copy Pods Resources */ = {
			isa = PBXShellScriptBuildPhase;
			buildActionMask = 2147483647;
			files = (
			);
			inputPaths = (
			);
			name = "[CP] Copy Pods Resources";
			outputPaths = (
			);
			runOnlyForDeploymentPostprocessing = 0;
			shellPath = /bin/sh;
			shellScript = "\"${SRCROOT}/Pods/Target Support Files/Pods-MoviesUITests/Pods-MoviesUITests-resources.sh\"\n";
			showEnvVarsInLog = 0;
		};
/* End PBXShellScriptBuildPhase section */

/* Begin PBXSourcesBuildPhase section */
		CA3436C3204DA19000789FDD /* Sources */ = {
			isa = PBXSourcesBuildPhase;
			buildActionMask = 2147483647;
			files = (
				CA3436CF204DA19000789FDD /* SecondViewController.swift in Sources */,
				CA3A379E205578F200A81BE9 /* PersistenceService.swift in Sources */,
				CA261EB920543AAC00DB3E7E /* MovieDetailViewController.swift in Sources */,
				CA3A37A820557F9300A81BE9 /* FMovie+CoreDataProperties.swift in Sources */,
				CA3A37A620557F8E00A81BE9 /* FMovie+CoreDataClass.swift in Sources */,
				CA261EBB20543D2400DB3E7E /* Movie.swift in Sources */,
				CA3436CB204DA19000789FDD /* AppDelegate.swift in Sources */,
				CA3436FB204DB7E700789FDD /* MovieTableViewCell.swift in Sources */,
				CA3A379C20556C5500A81BE9 /* Movies.xcdatamodeld in Sources */,
				CA3436CD204DA19000789FDD /* FirstViewController.swift in Sources */,
			);
			runOnlyForDeploymentPostprocessing = 0;
		};
		CA3436D9204DA19000789FDD /* Sources */ = {
			isa = PBXSourcesBuildPhase;
			buildActionMask = 2147483647;
			files = (
				CA3436E2204DA19000789FDD /* MoviesTests.swift in Sources */,
			);
			runOnlyForDeploymentPostprocessing = 0;
		};
		CA3436E4204DA19000789FDD /* Sources */ = {
			isa = PBXSourcesBuildPhase;
			buildActionMask = 2147483647;
			files = (
				CA3436ED204DA19000789FDD /* MoviesUITests.swift in Sources */,
			);
			runOnlyForDeploymentPostprocessing = 0;
		};
/* End PBXSourcesBuildPhase section */

/* Begin PBXTargetDependency section */
		CA3436DF204DA19000789FDD /* PBXTargetDependency */ = {
			isa = PBXTargetDependency;
			target = CA3436C6204DA19000789FDD /* Movies */;
			targetProxy = CA3436DE204DA19000789FDD /* PBXContainerItemProxy */;
		};
		CA3436EA204DA19000789FDD /* PBXTargetDependency */ = {
			isa = PBXTargetDependency;
			target = CA3436C6204DA19000789FDD /* Movies */;
			targetProxy = CA3436E9204DA19000789FDD /* PBXContainerItemProxy */;
		};
/* End PBXTargetDependency section */

/* Begin PBXVariantGroup section */
		CA3436D0204DA19000789FDD /* Main.storyboard */ = {
			isa = PBXVariantGroup;
			children = (
				CA3436D1204DA19000789FDD /* Base */,
			);
			name = Main.storyboard;
			sourceTree = "<group>";
		};
		CA3436D5204DA19000789FDD /* LaunchScreen.storyboard */ = {
			isa = PBXVariantGroup;
			children = (
				CA3436D6204DA19000789FDD /* Base */,
			);
			name = LaunchScreen.storyboard;
			sourceTree = "<group>";
		};
/* End PBXVariantGroup section */

/* Begin XCBuildConfiguration section */
		CA3436EF204DA19000789FDD /* Debug */ = {
			isa = XCBuildConfiguration;
			buildSettings = {
				ALWAYS_SEARCH_USER_PATHS = NO;
				CLANG_ANALYZER_NONNULL = YES;
				CLANG_ANALYZER_NUMBER_OBJECT_CONVERSION = YES_AGGRESSIVE;
				CLANG_CXX_LANGUAGE_STANDARD = "gnu++14";
				CLANG_CXX_LIBRARY = "libc++";
				CLANG_ENABLE_MODULES = YES;
				CLANG_ENABLE_OBJC_ARC = YES;
				CLANG_WARN_BLOCK_CAPTURE_AUTORELEASING = YES;
				CLANG_WARN_BOOL_CONVERSION = YES;
				CLANG_WARN_COMMA = YES;
				CLANG_WARN_CONSTANT_CONVERSION = YES;
				CLANG_WARN_DIRECT_OBJC_ISA_USAGE = YES_ERROR;
				CLANG_WARN_DOCUMENTATION_COMMENTS = YES;
				CLANG_WARN_EMPTY_BODY = YES;
				CLANG_WARN_ENUM_CONVERSION = YES;
				CLANG_WARN_INFINITE_RECURSION = YES;
				CLANG_WARN_INT_CONVERSION = YES;
				CLANG_WARN_NON_LITERAL_NULL_CONVERSION = YES;
				CLANG_WARN_OBJC_LITERAL_CONVERSION = YES;
				CLANG_WARN_OBJC_ROOT_CLASS = YES_ERROR;
				CLANG_WARN_RANGE_LOOP_ANALYSIS = YES;
				CLANG_WARN_STRICT_PROTOTYPES = YES;
				CLANG_WARN_SUSPICIOUS_MOVE = YES;
				CLANG_WARN_UNGUARDED_AVAILABILITY = YES_AGGRESSIVE;
				CLANG_WARN_UNREACHABLE_CODE = YES;
				CLANG_WARN__DUPLICATE_METHOD_MATCH = YES;
				CODE_SIGN_IDENTITY = "iPhone Developer";
				COPY_PHASE_STRIP = NO;
				DEBUG_INFORMATION_FORMAT = dwarf;
				ENABLE_STRICT_OBJC_MSGSEND = YES;
				ENABLE_TESTABILITY = YES;
				GCC_C_LANGUAGE_STANDARD = gnu11;
				GCC_DYNAMIC_NO_PIC = NO;
				GCC_NO_COMMON_BLOCKS = YES;
				GCC_OPTIMIZATION_LEVEL = 0;
				GCC_PREPROCESSOR_DEFINITIONS = (
					"DEBUG=1",
					"$(inherited)",
				);
				GCC_WARN_64_TO_32_BIT_CONVERSION = YES;
				GCC_WARN_ABOUT_RETURN_TYPE = YES_ERROR;
				GCC_WARN_UNDECLARED_SELECTOR = YES;
				GCC_WARN_UNINITIALIZED_AUTOS = YES_AGGRESSIVE;
				GCC_WARN_UNUSED_FUNCTION = YES;
				GCC_WARN_UNUSED_VARIABLE = YES;
				IPHONEOS_DEPLOYMENT_TARGET = 11.2;
				MTL_ENABLE_DEBUG_INFO = YES;
				ONLY_ACTIVE_ARCH = YES;
				SDKROOT = iphoneos;
				SWIFT_ACTIVE_COMPILATION_CONDITIONS = DEBUG;
				SWIFT_OPTIMIZATION_LEVEL = "-Onone";
			};
			name = Debug;
		};
		CA3436F0204DA19000789FDD /* Release */ = {
			isa = XCBuildConfiguration;
			buildSettings = {
				ALWAYS_SEARCH_USER_PATHS = NO;
				CLANG_ANALYZER_NONNULL = YES;
				CLANG_ANALYZER_NUMBER_OBJECT_CONVERSION = YES_AGGRESSIVE;
				CLANG_CXX_LANGUAGE_STANDARD = "gnu++14";
				CLANG_CXX_LIBRARY = "libc++";
				CLANG_ENABLE_MODULES = YES;
				CLANG_ENABLE_OBJC_ARC = YES;
				CLANG_WARN_BLOCK_CAPTURE_AUTORELEASING = YES;
				CLANG_WARN_BOOL_CONVERSION = YES;
				CLANG_WARN_COMMA = YES;
				CLANG_WARN_CONSTANT_CONVERSION = YES;
				CLANG_WARN_DIRECT_OBJC_ISA_USAGE = YES_ERROR;
				CLANG_WARN_DOCUMENTATION_COMMENTS = YES;
				CLANG_WARN_EMPTY_BODY = YES;
				CLANG_WARN_ENUM_CONVERSION = YES;
				CLANG_WARN_INFINITE_RECURSION = YES;
				CLANG_WARN_INT_CONVERSION = YES;
				CLANG_WARN_NON_LITERAL_NULL_CONVERSION = YES;
				CLANG_WARN_OBJC_LITERAL_CONVERSION = YES;
				CLANG_WARN_OBJC_ROOT_CLASS = YES_ERROR;
				CLANG_WARN_RANGE_LOOP_ANALYSIS = YES;
				CLANG_WARN_STRICT_PROTOTYPES = YES;
				CLANG_WARN_SUSPICIOUS_MOVE = YES;
				CLANG_WARN_UNGUARDED_AVAILABILITY = YES_AGGRESSIVE;
				CLANG_WARN_UNREACHABLE_CODE = YES;
				CLANG_WARN__DUPLICATE_METHOD_MATCH = YES;
				CODE_SIGN_IDENTITY = "iPhone Developer";
				COPY_PHASE_STRIP = NO;
				DEBUG_INFORMATION_FORMAT = "dwarf-with-dsym";
				ENABLE_NS_ASSERTIONS = NO;
				ENABLE_STRICT_OBJC_MSGSEND = YES;
				GCC_C_LANGUAGE_STANDARD = gnu11;
				GCC_NO_COMMON_BLOCKS = YES;
				GCC_WARN_64_TO_32_BIT_CONVERSION = YES;
				GCC_WARN_ABOUT_RETURN_TYPE = YES_ERROR;
				GCC_WARN_UNDECLARED_SELECTOR = YES;
				GCC_WARN_UNINITIALIZED_AUTOS = YES_AGGRESSIVE;
				GCC_WARN_UNUSED_FUNCTION = YES;
				GCC_WARN_UNUSED_VARIABLE = YES;
				IPHONEOS_DEPLOYMENT_TARGET = 11.2;
				MTL_ENABLE_DEBUG_INFO = NO;
				SDKROOT = iphoneos;
				SWIFT_OPTIMIZATION_LEVEL = "-Owholemodule";
				VALIDATE_PRODUCT = YES;
			};
			name = Release;
		};
		CA3436F2204DA19000789FDD /* Debug */ = {
			isa = XCBuildConfiguration;
			baseConfigurationReference = F416FC409D67DE23B6D74204 /* Pods-Movies.debug.xcconfig */;
			buildSettings = {
				ASSETCATALOG_COMPILER_APPICON_NAME = AppIcon;
				CODE_SIGN_STYLE = Automatic;
				INFOPLIST_FILE = Movies/Info.plist;
				LD_RUNPATH_SEARCH_PATHS = "$(inherited) @executable_path/Frameworks";
				PRODUCT_BUNDLE_IDENTIFIER = com.wvn.Movies;
				PRODUCT_NAME = "$(TARGET_NAME)";
				SWIFT_VERSION = 4.0;
				TARGETED_DEVICE_FAMILY = "1,2";
			};
			name = Debug;
		};
		CA3436F3204DA19000789FDD /* Release */ = {
			isa = XCBuildConfiguration;
			baseConfigurationReference = F32A26A2F462BF2900BBC7C1 /* Pods-Movies.release.xcconfig */;
			buildSettings = {
				ASSETCATALOG_COMPILER_APPICON_NAME = AppIcon;
				CODE_SIGN_STYLE = Automatic;
				INFOPLIST_FILE = Movies/Info.plist;
				LD_RUNPATH_SEARCH_PATHS = "$(inherited) @executable_path/Frameworks";
				PRODUCT_BUNDLE_IDENTIFIER = com.wvn.Movies;
				PRODUCT_NAME = "$(TARGET_NAME)";
				SWIFT_VERSION = 4.0;
				TARGETED_DEVICE_FAMILY = "1,2";
			};
			name = Release;
		};
		CA3436F5204DA19000789FDD /* Debug */ = {
			isa = XCBuildConfiguration;
			baseConfigurationReference = C8998924549B0404146BBBCD /* Pods-MoviesTests.debug.xcconfig */;
			buildSettings = {
				ALWAYS_EMBED_SWIFT_STANDARD_LIBRARIES = YES;
				BUNDLE_LOADER = "$(TEST_HOST)";
				CODE_SIGN_STYLE = Automatic;
				INFOPLIST_FILE = MoviesTests/Info.plist;
				LD_RUNPATH_SEARCH_PATHS = "$(inherited) @executable_path/Frameworks @loader_path/Frameworks";
				PRODUCT_BUNDLE_IDENTIFIER = com.wvn.MoviesTests;
				PRODUCT_NAME = "$(TARGET_NAME)";
				SWIFT_VERSION = 4.0;
				TARGETED_DEVICE_FAMILY = "1,2";
				TEST_HOST = "$(BUILT_PRODUCTS_DIR)/Movies.app/Movies";
			};
			name = Debug;
		};
		CA3436F6204DA19000789FDD /* Release */ = {
			isa = XCBuildConfiguration;
			baseConfigurationReference = 9486D32EADD7B9A0800CD445 /* Pods-MoviesTests.release.xcconfig */;
			buildSettings = {
				ALWAYS_EMBED_SWIFT_STANDARD_LIBRARIES = YES;
				BUNDLE_LOADER = "$(TEST_HOST)";
				CODE_SIGN_STYLE = Automatic;
				INFOPLIST_FILE = MoviesTests/Info.plist;
				LD_RUNPATH_SEARCH_PATHS = "$(inherited) @executable_path/Frameworks @loader_path/Frameworks";
				PRODUCT_BUNDLE_IDENTIFIER = com.wvn.MoviesTests;
				PRODUCT_NAME = "$(TARGET_NAME)";
				SWIFT_VERSION = 4.0;
				TARGETED_DEVICE_FAMILY = "1,2";
				TEST_HOST = "$(BUILT_PRODUCTS_DIR)/Movies.app/Movies";
			};
			name = Release;
		};
		CA3436F8204DA19000789FDD /* Debug */ = {
			isa = XCBuildConfiguration;
			baseConfigurationReference = 894EC7ED7DABE33BB10DEDF5 /* Pods-MoviesUITests.debug.xcconfig */;
			buildSettings = {
				ALWAYS_EMBED_SWIFT_STANDARD_LIBRARIES = YES;
				CODE_SIGN_STYLE = Automatic;
				INFOPLIST_FILE = MoviesUITests/Info.plist;
				LD_RUNPATH_SEARCH_PATHS = "$(inherited) @executable_path/Frameworks @loader_path/Frameworks";
				PRODUCT_BUNDLE_IDENTIFIER = com.wvn.MoviesUITests;
				PRODUCT_NAME = "$(TARGET_NAME)";
				SWIFT_VERSION = 4.0;
				TARGETED_DEVICE_FAMILY = "1,2";
				TEST_TARGET_NAME = Movies;
			};
			name = Debug;
		};
		CA3436F9204DA19000789FDD /* Release */ = {
			isa = XCBuildConfiguration;
			baseConfigurationReference = 534DA82235A4F2D0D197C61B /* Pods-MoviesUITests.release.xcconfig */;
			buildSettings = {
				ALWAYS_EMBED_SWIFT_STANDARD_LIBRARIES = YES;
				CODE_SIGN_STYLE = Automatic;
				INFOPLIST_FILE = MoviesUITests/Info.plist;
				LD_RUNPATH_SEARCH_PATHS = "$(inherited) @executable_path/Frameworks @loader_path/Frameworks";
				PRODUCT_BUNDLE_IDENTIFIER = com.wvn.MoviesUITests;
				PRODUCT_NAME = "$(TARGET_NAME)";
				SWIFT_VERSION = 4.0;
				TARGETED_DEVICE_FAMILY = "1,2";
				TEST_TARGET_NAME = Movies;
			};
			name = Release;
		};
/* End XCBuildConfiguration section */

/* Begin XCConfigurationList section */
		CA3436C2204DA19000789FDD /* Build configuration list for PBXProject "Movies" */ = {
			isa = XCConfigurationList;
			buildConfigurations = (
				CA3436EF204DA19000789FDD /* Debug */,
				CA3436F0204DA19000789FDD /* Release */,
			);
			defaultConfigurationIsVisible = 0;
			defaultConfigurationName = Release;
		};
		CA3436F1204DA19000789FDD /* Build configuration list for PBXNativeTarget "Movies" */ = {
			isa = XCConfigurationList;
			buildConfigurations = (
				CA3436F2204DA19000789FDD /* Debug */,
				CA3436F3204DA19000789FDD /* Release */,
			);
			defaultConfigurationIsVisible = 0;
			defaultConfigurationName = Release;
		};
		CA3436F4204DA19000789FDD /* Build configuration list for PBXNativeTarget "MoviesTests" */ = {
			isa = XCConfigurationList;
			buildConfigurations = (
				CA3436F5204DA19000789FDD /* Debug */,
				CA3436F6204DA19000789FDD /* Release */,
			);
			defaultConfigurationIsVisible = 0;
			defaultConfigurationName = Release;
		};
		CA3436F7204DA19000789FDD /* Build configuration list for PBXNativeTarget "MoviesUITests" */ = {
			isa = XCConfigurationList;
			buildConfigurations = (
				CA3436F8204DA19000789FDD /* Debug */,
				CA3436F9204DA19000789FDD /* Release */,
			);
			defaultConfigurationIsVisible = 0;
			defaultConfigurationName = Release;
		};
/* End XCConfigurationList section */

/* Begin XCVersionGroup section */
		CA3A379A20556C5500A81BE9 /* Movies.xcdatamodeld */ = {
			isa = XCVersionGroup;
			children = (
				CA3A379B20556C5500A81BE9 /* Movies.xcdatamodel */,
			);
			currentVersion = CA3A379B20556C5500A81BE9 /* Movies.xcdatamodel */;
			path = Movies.xcdatamodeld;
			sourceTree = "<group>";
			versionGroupType = wrapper.xcdatamodel;
		};
/* End XCVersionGroup section */
	};
	rootObject = CA3436BF204DA19000789FDD /* Project object */;
}
